
Microsoft Visual Studio Solution File, Format Version 12.00
# Visual Studio Version 17
VisualStudioVersion = 17.3.32804.467
MinimumVisualStudioVersion = 10.0.40219.1
Project("{FAE04EC0-301F-11D3-BF4B-00C04F79EFBC}") = "A9", "A9.csproj", "{EB446F25-AA96-4B71-BA75-199579A3C1A1}"
EndProject
Global
	GlobalSection(SolutionConfigurationPlatforms) = preSolution
		Debug|Any CPU = Debug|Any CPU
		Release|Any CPU = Release|Any CPU
	EndGlobalSection
	GlobalSection(ProjectConfigurationPlatforms) = postSolution
		{EB446F25-AA96-4B71-BA75-199579A3C1A1}.Debug|Any CPU.ActiveCfg = Debug|Any CPU
		{EB446F25-AA96-4B71-BA75-199579A3C1A1}.Debug|Any CPU.Build.0 = Debug|Any CPU
		{EB446F25-AA96-4B71-BA75-199579A3C1A1}.Release|Any CPU.ActiveCfg = Release|Any CPU
		{EB446F25-AA96-4B71-BA75-199579A3C1A1}.Release|Any CPU.Build.0 = Release|Any CPU
	EndGlobalSection
	GlobalSection(SolutionProperties) = preSolution
		HideSolutionNode = FALSE
	EndGlobalSection
	GlobalSection(ExtensibilityGlobals) = postSolution
		SolutionGuid = {022A6EB4-05F8-4A66-B1DB-AFF0A97EFF5E}
	EndGlobalSection
EndGlobal
